
Microsoft Visual Studio Solution File, Format Version 12.00
# Visual Studio 15
VisualStudioVersion = 15.0.27703.2018
MinimumVisualStudioVersion = 10.0.40219.1
Project("{FAE04EC0-301F-11D3-BF4B-00C04F79EFBC}") = "Wpf", "Wpf\Wpf.csproj", "{32A52764-1283-43F3-95BA-BB427D472261}"
EndProject
Project("{2150E333-8FDC-42A3-9474-1A3956D46DE8}") = "uwp", "uwp", "{251A9987-4E2E-44F7-BBC5-FE1B2577BC4A}"
EndProject
Project("{FAE04EC0-301F-11D3-BF4B-00C04F79EFBC}") = "UwpApp", "UwpApp\UwpApp.csproj", "{9F401456-A5D1-41C2-8291-173E939BBF80}"
EndProject
Project("{9A19103F-16F7-4668-BE54-9A1E7A4F7556}") = "CommonLibrary", "CommonLibrary\CommonLibrary.csproj", "{A77481B6-4364-4E4E-897A-069502E7B217}"
EndProject
Project("{FAE04EC0-301F-11D3-BF4B-00C04F79EFBC}") = "Data", "Data\Data.csproj", "{DF08E54B-8E81-45D6-9C1B-FE6C164E2967}"
EndProject
Project("{FAE04EC0-301F-11D3-BF4B-00C04F79EFBC}") = "ViewModels", "ViewModels\ViewModels.csproj", "{7C1AAA7F-72EB-4F04-95F3-EBCF317C8A92}"
EndProject
Global
	GlobalSection(SolutionConfigurationPlatforms) = preSolution
		Debug|Any CPU = Debug|Any CPU
		Debug|ARM = Debug|ARM
		Debug|x64 = Debug|x64
		Debug|x86 = Debug|x86
		Release|Any CPU = Release|Any CPU
		Release|ARM = Release|ARM
		Release|x64 = Release|x64
		Release|x86 = Release|x86
	EndGlobalSection
	GlobalSection(ProjectConfigurationPlatforms) = postSolution
		{32A52764-1283-43F3-95BA-BB427D472261}.Debug|Any CPU.ActiveCfg = Debug|Any CPU
		{32A52764-1283-43F3-95BA-BB427D472261}.Debug|Any CPU.Build.0 = Debug|Any CPU
		{32A52764-1283-43F3-95BA-BB427D472261}.Debug|ARM.ActiveCfg = Debug|Any CPU
		{32A52764-1283-43F3-95BA-BB427D472261}.Debug|ARM.Build.0 = Debug|Any CPU
		{32A52764-1283-43F3-95BA-BB427D472261}.Debug|x64.ActiveCfg = Debug|Any CPU
		{32A52764-1283-43F3-95BA-BB427D472261}.Debug|x64.Build.0 = Debug|Any CPU
		{32A52764-1283-43F3-95BA-BB427D472261}.Debug|x86.ActiveCfg = Debug|Any CPU
		{32A52764-1283-43F3-95BA-BB427D472261}.Debug|x86.Build.0 = Debug|Any CPU
		{32A52764-1283-43F3-95BA-BB427D472261}.Release|Any CPU.ActiveCfg = Release|Any CPU
		{32A52764-1283-43F3-95BA-BB427D472261}.Release|Any CPU.Build.0 = Release|Any CPU
		{32A52764-1283-43F3-95BA-BB427D472261}.Release|ARM.ActiveCfg = Release|Any CPU
		{32A52764-1283-43F3-95BA-BB427D472261}.Release|ARM.Build.0 = Release|Any CPU
		{32A52764-1283-43F3-95BA-BB427D472261}.Release|x64.ActiveCfg = Release|Any CPU
		{32A52764-1283-43F3-95BA-BB427D472261}.Release|x64.Build.0 = Release|Any CPU
		{32A52764-1283-43F3-95BA-BB427D472261}.Release|x86.ActiveCfg = Release|Any CPU
		{32A52764-1283-43F3-95BA-BB427D472261}.Release|x86.Build.0 = Release|Any CPU
		{9F401456-A5D1-41C2-8291-173E939BBF80}.Debug|Any CPU.ActiveCfg = Debug|x86
		{9F401456-A5D1-41C2-8291-173E939BBF80}.Debug|ARM.ActiveCfg = Debug|ARM
		{9F401456-A5D1-41C2-8291-173E939BBF80}.Debug|ARM.Build.0 = Debug|ARM
		{9F401456-A5D1-41C2-8291-173E939BBF80}.Debug|ARM.Deploy.0 = Debug|ARM
		{9F401456-A5D1-41C2-8291-173E939BBF80}.Debug|x64.ActiveCfg = Debug|x64
		{9F401456-A5D1-41C2-8291-173E939BBF80}.Debug|x64.Build.0 = Debug|x64
		{9F401456-A5D1-41C2-8291-173E939BBF80}.Debug|x64.Deploy.0 = Debug|x64
		{9F401456-A5D1-41C2-8291-173E939BBF80}.Debug|x86.ActiveCfg = Debug|x86
		{9F401456-A5D1-41C2-8291-173E939BBF80}.Debug|x86.Build.0 = Debug|x86
		{9F401456-A5D1-41C2-8291-173E939BBF80}.Debug|x86.Deploy.0 = Debug|x86
		{9F401456-A5D1-41C2-8291-173E939BBF80}.Release|Any CPU.ActiveCfg = Release|x86
		{9F401456-A5D1-41C2-8291-173E939BBF80}.Release|ARM.ActiveCfg = Release|ARM
		{9F401456-A5D1-41C2-8291-173E939BBF80}.Release|ARM.Build.0 = Release|ARM
		{9F401456-A5D1-41C2-8291-173E939BBF80}.Release|ARM.Deploy.0 = Release|ARM
		{9F401456-A5D1-41C2-8291-173E939BBF80}.Release|x64.ActiveCfg = Release|x64
		{9F401456-A5D1-41C2-8291-173E939BBF80}.Release|x64.Build.0 = Release|x64
		{9F401456-A5D1-41C2-8291-173E939BBF80}.Release|x64.Deploy.0 = Release|x64
		{9F401456-A5D1-41C2-8291-173E939BBF80}.Release|x86.ActiveCfg = Release|x86
		{9F401456-A5D1-41C2-8291-173E939BBF80}.Release|x86.Build.0 = Release|x86
		{9F401456-A5D1-41C2-8291-173E939BBF80}.Release|x86.Deploy.0 = Release|x86
		{A77481B6-4364-4E4E-897A-069502E7B217}.Debug|Any CPU.ActiveCfg = Debug|Any CPU
		{A77481B6-4364-4E4E-897A-069502E7B217}.Debug|Any CPU.Build.0 = Debug|Any CPU
		{A77481B6-4364-4E4E-897A-069502E7B217}.Debug|ARM.ActiveCfg = Debug|Any CPU
		{A77481B6-4364-4E4E-897A-069502E7B217}.Debug|ARM.Build.0 = Debug|Any CPU
		{A77481B6-4364-4E4E-897A-069502E7B217}.Debug|x64.ActiveCfg = Debug|Any CPU
		{A77481B6-4364-4E4E-897A-069502E7B217}.Debug|x64.Build.0 = Debug|Any CPU
		{A77481B6-4364-4E4E-897A-069502E7B217}.Debug|x86.ActiveCfg = Debug|Any CPU
		{A77481B6-4364-4E4E-897A-069502E7B217}.Debug|x86.Build.0 = Debug|Any CPU
		{A77481B6-4364-4E4E-897A-069502E7B217}.Release|Any CPU.ActiveCfg = Release|Any CPU
		{A77481B6-4364-4E4E-897A-069502E7B217}.Release|Any CPU.Build.0 = Release|Any CPU
		{A77481B6-4364-4E4E-897A-069502E7B217}.Release|ARM.ActiveCfg = Release|Any CPU
		{A77481B6-4364-4E4E-897A-069502E7B217}.Release|ARM.Build.0 = Release|Any CPU
		{A77481B6-4364-4E4E-897A-069502E7B217}.Release|x64.ActiveCfg = Release|Any CPU
		{A77481B6-4364-4E4E-897A-069502E7B217}.Release|x64.Build.0 = Release|Any CPU
		{A77481B6-4364-4E4E-897A-069502E7B217}.Release|x86.ActiveCfg = Release|Any CPU
		{A77481B6-4364-4E4E-897A-069502E7B217}.Release|x86.Build.0 = Release|Any CPU
		{DF08E54B-8E81-45D6-9C1B-FE6C164E2967}.Debug|Any CPU.ActiveCfg = Debug|Any CPU
		{DF08E54B-8E81-45D6-9C1B-FE6C164E2967}.Debug|Any CPU.Build.0 = Debug|Any CPU
		{DF08E54B-8E81-45D6-9C1B-FE6C164E2967}.Debug|ARM.ActiveCfg = Debug|Any CPU
		{DF08E54B-8E81-45D6-9C1B-FE6C164E2967}.Debug|ARM.Build.0 = Debug|Any CPU
		{DF08E54B-8E81-45D6-9C1B-FE6C164E2967}.Debug|x64.ActiveCfg = Debug|Any CPU
		{DF08E54B-8E81-45D6-9C1B-FE6C164E2967}.Debug|x64.Build.0 = Debug|Any CPU
		{DF08E54B-8E81-45D6-9C1B-FE6C164E2967}.Debug|x86.ActiveCfg = Debug|Any CPU
		{DF08E54B-8E81-45D6-9C1B-FE6C164E2967}.Debug|x86.Build.0 = Debug|Any CPU
		{DF08E54B-8E81-45D6-9C1B-FE6C164E2967}.Release|Any CPU.ActiveCfg = Release|Any CPU
		{DF08E54B-8E81-45D6-9C1B-FE6C164E2967}.Release|Any CPU.Build.0 = Release|Any CPU
		{DF08E54B-8E81-45D6-9C1B-FE6C164E2967}.Release|ARM.ActiveCfg = Release|Any CPU
		{DF08E54B-8E81-45D6-9C1B-FE6C164E2967}.Release|ARM.Build.0 = Release|Any CPU
		{DF08E54B-8E81-45D6-9C1B-FE6C164E2967}.Release|x64.ActiveCfg = Release|Any CPU
		{DF08E54B-8E81-45D6-9C1B-FE6C164E2967}.Release|x64.Build.0 = Release|Any CPU
		{DF08E54B-8E81-45D6-9C1B-FE6C164E2967}.Release|x86.ActiveCfg = Release|Any CPU
		{DF08E54B-8E81-45D6-9C1B-FE6C164E2967}.Release|x86.Build.0 = Release|Any CPU
		{7C1AAA7F-72EB-4F04-95F3-EBCF317C8A92}.Debug|Any CPU.ActiveCfg = Debug|Any CPU
		{7C1AAA7F-72EB-4F04-95F3-EBCF317C8A92}.Debug|Any CPU.Build.0 = Debug|Any CPU
		{7C1AAA7F-72EB-4F04-95F3-EBCF317C8A92}.Debug|ARM.ActiveCfg = Debug|Any CPU
		{7C1AAA7F-72EB-4F04-95F3-EBCF317C8A92}.Debug|ARM.Build.0 = Debug|Any CPU
		{7C1AAA7F-72EB-4F04-95F3-EBCF317C8A92}.Debug|x64.ActiveCfg = Debug|Any CPU
		{7C1AAA7F-72EB-4F04-95F3-EBCF317C8A92}.Debug|x64.Build.0 = Debug|Any CPU
		{7C1AAA7F-72EB-4F04-95F3-EBCF317C8A92}.Debug|x86.ActiveCfg = Debug|Any CPU
		{7C1AAA7F-72EB-4F04-95F3-EBCF317C8A92}.Debug|x86.Build.0 = Debug|Any CPU
		{7C1AAA7F-72EB-4F04-95F3-EBCF317C8A92}.Release|Any CPU.ActiveCfg = Release|Any CPU
		{7C1AAA7F-72EB-4F04-95F3-EBCF317C8A92}.Release|Any CPU.Build.0 = Release|Any CPU
		{7C1AAA7F-72EB-4F04-95F3-EBCF317C8A92}.Release|ARM.ActiveCfg = Release|Any CPU
		{7C1AAA7F-72EB-4F04-95F3-EBCF317C8A92}.Release|ARM.Build.0 = Release|Any CPU
		{7C1AAA7F-72EB-4F04-95F3-EBCF317C8A92}.Release|x64.ActiveCfg = Release|Any CPU
		{7C1AAA7F-72EB-4F04-95F3-EBCF317C8A92}.Release|x64.Build.0 = Release|Any CPU
		{7C1AAA7F-72EB-4F04-95F3-EBCF317C8A92}.Release|x86.ActiveCfg = Release|Any CPU
		{7C1AAA7F-72EB-4F04-95F3-EBCF317C8A92}.Release|x86.Build.0 = Release|Any CPU
	EndGlobalSection
	GlobalSection(SolutionProperties) = preSolution
		HideSolutionNode = FALSE
	EndGlobalSection
	GlobalSection(NestedProjects) = preSolution
		{9F401456-A5D1-41C2-8291-173E939BBF80} = {251A9987-4E2E-44F7-BBC5-FE1B2577BC4A}
	EndGlobalSection
	GlobalSection(ExtensibilityGlobals) = postSolution
		SolutionGuid = {E87D56F5-0354-4193-AAF4-D29D40C1E35F}
	EndGlobalSection
EndGlobal
